
Microsoft Visual Studio Solution File, Format Version 12.00
# Visual Studio Version 16
VisualStudioVersion = 16.0.30907.101
MinimumVisualStudioVersion = 10.0.40219.1
Project("{888888A0-9F3D-457C-B088-3A5042F75D52}") = "tkinter", "tkinter.pyproj", "{A796A4F1-77F5-4716-A987-AA88EAACA101}"
EndProject
Global
	GlobalSection(SolutionConfigurationPlatforms) = preSolution
		Debug|Any CPU = Debug|Any CPU
		Release|Any CPU = Release|Any CPU
	EndGlobalSection
	GlobalSection(ProjectConfigurationPlatforms) = postSolution
		{A796A4F1-77F5-4716-A987-AA88EAACA101}.Debug|Any CPU.ActiveCfg = Debug|Any CPU
		{A796A4F1-77F5-4716-A987-AA88EAACA101}.Release|Any CPU.ActiveCfg = Release|Any CPU
	EndGlobalSection
	GlobalSection(SolutionProperties) = preSolution
		HideSolutionNode = FALSE
	EndGlobalSection
	GlobalSection(ExtensibilityGlobals) = postSolution
		SolutionGuid = {F13E16CC-6FC2-4AD7-BFA2-EB14E486B35F}
	EndGlobalSection
EndGlobal
